
Microsoft Visual Studio Solution File, Format Version 12.00
# Visual Studio Version 17
VisualStudioVersion = 17.11.35327.3
MinimumVisualStudioVersion = 10.0.40219.1
Project("{9A19103F-16F7-4668-BE54-9A1E7A4F7556}") = "ДЗ 3", "ДЗ 3\ДЗ 3.csproj", "{F76E3ABA-7CAB-462C-AFDB-B4FDDD3B28F2}"
EndProject
Project("{9A19103F-16F7-4668-BE54-9A1E7A4F7556}") = "дз 3 1.3 (дни недели)", "дз 3 1.3 (дни недели)\дз 3 1.3 (дни недели).csproj", "{9BF7D847-77E9-4D25-8596-AAF62538C4D5}"
EndProject
Project("{FAE04EC0-301F-11D3-BF4B-00C04F79EFBC}") = "дз 3. 1.2", "дз 3. 1.2\дз 3. 1.2.csproj", "{C8246448-9016-48D5-8656-94B9AB130486}"
EndProject
Project("{FAE04EC0-301F-11D3-BF4B-00C04F79EFBC}") = "дз 3 напитки", "дз 3 напитки\дз 3 напитки.csproj", "{51C20EFB-14CD-44A6-86AC-13A64FF5D88F}"
EndProject
Project("{FAE04EC0-301F-11D3-BF4B-00C04F79EFBC}") = "ДЗ КУКЛЫ", "ДЗ КУКЛЫ\ДЗ КУКЛЫ.csproj", "{79E1F813-2B1B-4C64-8CA0-D7963EA58682}"
EndProject
Global
	GlobalSection(SolutionConfigurationPlatforms) = preSolution
		Debug|Any CPU = Debug|Any CPU
		Release|Any CPU = Release|Any CPU
	EndGlobalSection
	GlobalSection(ProjectConfigurationPlatforms) = postSolution
		{F76E3ABA-7CAB-462C-AFDB-B4FDDD3B28F2}.Debug|Any CPU.ActiveCfg = Debug|Any CPU
		{F76E3ABA-7CAB-462C-AFDB-B4FDDD3B28F2}.Debug|Any CPU.Build.0 = Debug|Any CPU
		{F76E3ABA-7CAB-462C-AFDB-B4FDDD3B28F2}.Release|Any CPU.ActiveCfg = Release|Any CPU
		{F76E3ABA-7CAB-462C-AFDB-B4FDDD3B28F2}.Release|Any CPU.Build.0 = Release|Any CPU
		{9BF7D847-77E9-4D25-8596-AAF62538C4D5}.Debug|Any CPU.ActiveCfg = Debug|Any CPU
		{9BF7D847-77E9-4D25-8596-AAF62538C4D5}.Debug|Any CPU.Build.0 = Debug|Any CPU
		{9BF7D847-77E9-4D25-8596-AAF62538C4D5}.Release|Any CPU.ActiveCfg = Release|Any CPU
		{9BF7D847-77E9-4D25-8596-AAF62538C4D5}.Release|Any CPU.Build.0 = Release|Any CPU
		{C8246448-9016-48D5-8656-94B9AB130486}.Debug|Any CPU.ActiveCfg = Debug|Any CPU
		{C8246448-9016-48D5-8656-94B9AB130486}.Debug|Any CPU.Build.0 = Debug|Any CPU
		{C8246448-9016-48D5-8656-94B9AB130486}.Release|Any CPU.ActiveCfg = Release|Any CPU
		{C8246448-9016-48D5-8656-94B9AB130486}.Release|Any CPU.Build.0 = Release|Any CPU
		{51C20EFB-14CD-44A6-86AC-13A64FF5D88F}.Debug|Any CPU.ActiveCfg = Debug|Any CPU
		{51C20EFB-14CD-44A6-86AC-13A64FF5D88F}.Debug|Any CPU.Build.0 = Debug|Any CPU
		{51C20EFB-14CD-44A6-86AC-13A64FF5D88F}.Release|Any CPU.ActiveCfg = Release|Any CPU
		{51C20EFB-14CD-44A6-86AC-13A64FF5D88F}.Release|Any CPU.Build.0 = Release|Any CPU
		{79E1F813-2B1B-4C64-8CA0-D7963EA58682}.Debug|Any CPU.ActiveCfg = Debug|Any CPU
		{79E1F813-2B1B-4C64-8CA0-D7963EA58682}.Debug|Any CPU.Build.0 = Debug|Any CPU
		{79E1F813-2B1B-4C64-8CA0-D7963EA58682}.Release|Any CPU.ActiveCfg = Release|Any CPU
		{79E1F813-2B1B-4C64-8CA0-D7963EA58682}.Release|Any CPU.Build.0 = Release|Any CPU
	EndGlobalSection
	GlobalSection(SolutionProperties) = preSolution
		HideSolutionNode = FALSE
	EndGlobalSection
	GlobalSection(ExtensibilityGlobals) = postSolution
		SolutionGuid = {D586C541-A097-41DC-9DCD-D8B0608A47A2}
	EndGlobalSection
EndGlobal
